
Microsoft Visual Studio Solution File, Format Version 12.00
# Visual Studio Version 17
VisualStudioVersion = 17.5.002.0
MinimumVisualStudioVersion = 10.0.40219.1
Project("{9A19103F-16F7-4668-BE54-9A1E7A4F7556}") = "AutisDetect", "AutisDetect.csproj", "{34629E45-1AE6-45E8-BB20-51CE6FCFE134}"
EndProject
Global
	GlobalSection(SolutionConfigurationPlatforms) = preSolution
		Debug|Any CPU = Debug|Any CPU
		Release|Any CPU = Release|Any CPU
	EndGlobalSection
	GlobalSection(ProjectConfigurationPlatforms) = postSolution
		{34629E45-1AE6-45E8-BB20-51CE6FCFE134}.Debug|Any CPU.ActiveCfg = Debug|Any CPU
		{34629E45-1AE6-45E8-BB20-51CE6FCFE134}.Debug|Any CPU.Build.0 = Debug|Any CPU
		{34629E45-1AE6-45E8-BB20-51CE6FCFE134}.Release|Any CPU.ActiveCfg = Release|Any CPU
		{34629E45-1AE6-45E8-BB20-51CE6FCFE134}.Release|Any CPU.Build.0 = Release|Any CPU
	EndGlobalSection
	GlobalSection(SolutionProperties) = preSolution
		HideSolutionNode = FALSE
	EndGlobalSection
	GlobalSection(ExtensibilityGlobals) = postSolution
		SolutionGuid = {66330826-8B2A-4394-A1A9-C34448C479F0}
	EndGlobalSection
EndGlobal
